
Microsoft Visual Studio Solution File, Format Version 12.00
# Visual Studio Version 17
VisualStudioVersion = 17.5.002.0
MinimumVisualStudioVersion = 10.0.40219.1
Project("{9A19103F-16F7-4668-BE54-9A1E7A4F7556}") = "EhtolauseHarjoitus03", "EhtolauseHarjoitus03.csproj", "{B0CBD2A3-E85E-4A8C-8C7C-D5B7E6AC03C1}"
EndProject
Global
	GlobalSection(SolutionConfigurationPlatforms) = preSolution
		Debug|Any CPU = Debug|Any CPU
		Release|Any CPU = Release|Any CPU
	EndGlobalSection
	GlobalSection(ProjectConfigurationPlatforms) = postSolution
		{B0CBD2A3-E85E-4A8C-8C7C-D5B7E6AC03C1}.Debug|Any CPU.ActiveCfg = Debug|Any CPU
		{B0CBD2A3-E85E-4A8C-8C7C-D5B7E6AC03C1}.Debug|Any CPU.Build.0 = Debug|Any CPU
		{B0CBD2A3-E85E-4A8C-8C7C-D5B7E6AC03C1}.Release|Any CPU.ActiveCfg = Release|Any CPU
		{B0CBD2A3-E85E-4A8C-8C7C-D5B7E6AC03C1}.Release|Any CPU.Build.0 = Release|Any CPU
	EndGlobalSection
	GlobalSection(SolutionProperties) = preSolution
		HideSolutionNode = FALSE
	EndGlobalSection
	GlobalSection(ExtensibilityGlobals) = postSolution
		SolutionGuid = {5F8A222E-2FFD-4D31-BF70-89C5B6CDB337}
	EndGlobalSection
EndGlobal
