
Microsoft Visual Studio Solution File, Format Version 12.00
# Visual Studio Version 17
VisualStudioVersion = 17.5.002.0
MinimumVisualStudioVersion = 10.0.40219.1
Project("{9A19103F-16F7-4668-BE54-9A1E7A4F7556}") = "EhtolauseHarjoitus09", "EhtolauseHarjoitus09.csproj", "{7F22E6E9-6533-48E9-8908-23070E0767DD}"
EndProject
Global
	GlobalSection(SolutionConfigurationPlatforms) = preSolution
		Debug|Any CPU = Debug|Any CPU
		Release|Any CPU = Release|Any CPU
	EndGlobalSection
	GlobalSection(ProjectConfigurationPlatforms) = postSolution
		{7F22E6E9-6533-48E9-8908-23070E0767DD}.Debug|Any CPU.ActiveCfg = Debug|Any CPU
		{7F22E6E9-6533-48E9-8908-23070E0767DD}.Debug|Any CPU.Build.0 = Debug|Any CPU
		{7F22E6E9-6533-48E9-8908-23070E0767DD}.Release|Any CPU.ActiveCfg = Release|Any CPU
		{7F22E6E9-6533-48E9-8908-23070E0767DD}.Release|Any CPU.Build.0 = Release|Any CPU
	EndGlobalSection
	GlobalSection(SolutionProperties) = preSolution
		HideSolutionNode = FALSE
	EndGlobalSection
	GlobalSection(ExtensibilityGlobals) = postSolution
		SolutionGuid = {A48757B1-4BE7-4A65-9CD0-792BBA0E5982}
	EndGlobalSection
EndGlobal
