
Microsoft Visual Studio Solution File, Format Version 12.00
# Visual Studio Version 17
VisualStudioVersion = 17.5.002.0
MinimumVisualStudioVersion = 10.0.40219.1
Project("{9A19103F-16F7-4668-BE54-9A1E7A4F7556}") = "ToistoHarjoitus01", "ToistoHarjoitus01.csproj", "{D850ACF0-CBF2-4493-A3E2-F6914035A6AB}"
EndProject
Global
	GlobalSection(SolutionConfigurationPlatforms) = preSolution
		Debug|Any CPU = Debug|Any CPU
		Release|Any CPU = Release|Any CPU
	EndGlobalSection
	GlobalSection(ProjectConfigurationPlatforms) = postSolution
		{D850ACF0-CBF2-4493-A3E2-F6914035A6AB}.Debug|Any CPU.ActiveCfg = Debug|Any CPU
		{D850ACF0-CBF2-4493-A3E2-F6914035A6AB}.Debug|Any CPU.Build.0 = Debug|Any CPU
		{D850ACF0-CBF2-4493-A3E2-F6914035A6AB}.Release|Any CPU.ActiveCfg = Release|Any CPU
		{D850ACF0-CBF2-4493-A3E2-F6914035A6AB}.Release|Any CPU.Build.0 = Release|Any CPU
	EndGlobalSection
	GlobalSection(SolutionProperties) = preSolution
		HideSolutionNode = FALSE
	EndGlobalSection
	GlobalSection(ExtensibilityGlobals) = postSolution
		SolutionGuid = {5F9D6DE1-5556-41CD-82CE-28532ADDD3DB}
	EndGlobalSection
EndGlobal
