
Microsoft Visual Studio Solution File, Format Version 12.00
# Visual Studio Version 17
VisualStudioVersion = 17.5.002.0
MinimumVisualStudioVersion = 10.0.40219.1
Project("{9A19103F-16F7-4668-BE54-9A1E7A4F7556}") = "ToistoHarjoitus11", "ToistoHarjoitus11.csproj", "{1E9001F7-C786-4F42-B8C3-EB57AEBDC187}"
EndProject
Global
	GlobalSection(SolutionConfigurationPlatforms) = preSolution
		Debug|Any CPU = Debug|Any CPU
		Release|Any CPU = Release|Any CPU
	EndGlobalSection
	GlobalSection(ProjectConfigurationPlatforms) = postSolution
		{1E9001F7-C786-4F42-B8C3-EB57AEBDC187}.Debug|Any CPU.ActiveCfg = Debug|Any CPU
		{1E9001F7-C786-4F42-B8C3-EB57AEBDC187}.Debug|Any CPU.Build.0 = Debug|Any CPU
		{1E9001F7-C786-4F42-B8C3-EB57AEBDC187}.Release|Any CPU.ActiveCfg = Release|Any CPU
		{1E9001F7-C786-4F42-B8C3-EB57AEBDC187}.Release|Any CPU.Build.0 = Release|Any CPU
	EndGlobalSection
	GlobalSection(SolutionProperties) = preSolution
		HideSolutionNode = FALSE
	EndGlobalSection
	GlobalSection(ExtensibilityGlobals) = postSolution
		SolutionGuid = {44D440B5-FEFA-4C45-9942-834CCCACBD52}
	EndGlobalSection
EndGlobal
