
Microsoft Visual Studio Solution File, Format Version 12.00
# Visual Studio Version 17
VisualStudioVersion = 17.5.002.0
MinimumVisualStudioVersion = 10.0.40219.1
Project("{9A19103F-16F7-4668-BE54-9A1E7A4F7556}") = "Valiharkka02", "Valiharkka02.csproj", "{426CD2BD-3403-4141-B203-738627A8C864}"
EndProject
Global
	GlobalSection(SolutionConfigurationPlatforms) = preSolution
		Debug|Any CPU = Debug|Any CPU
		Release|Any CPU = Release|Any CPU
	EndGlobalSection
	GlobalSection(ProjectConfigurationPlatforms) = postSolution
		{426CD2BD-3403-4141-B203-738627A8C864}.Debug|Any CPU.ActiveCfg = Debug|Any CPU
		{426CD2BD-3403-4141-B203-738627A8C864}.Debug|Any CPU.Build.0 = Debug|Any CPU
		{426CD2BD-3403-4141-B203-738627A8C864}.Release|Any CPU.ActiveCfg = Release|Any CPU
		{426CD2BD-3403-4141-B203-738627A8C864}.Release|Any CPU.Build.0 = Release|Any CPU
	EndGlobalSection
	GlobalSection(SolutionProperties) = preSolution
		HideSolutionNode = FALSE
	EndGlobalSection
	GlobalSection(ExtensibilityGlobals) = postSolution
		SolutionGuid = {4A74D712-2A65-40CC-B195-DB42C8934D3D}
	EndGlobalSection
EndGlobal
