
Microsoft Visual Studio Solution File, Format Version 12.00
# Visual Studio Version 17
VisualStudioVersion = 17.5.002.0
MinimumVisualStudioVersion = 10.0.40219.1
Project("{9A19103F-16F7-4668-BE54-9A1E7A4F7556}") = "FunktioHarkka6", "FunktioHarkka6.csproj", "{F8569DC2-B63D-4F9A-A745-C9AEA07142BE}"
EndProject
Global
	GlobalSection(SolutionConfigurationPlatforms) = preSolution
		Debug|Any CPU = Debug|Any CPU
		Release|Any CPU = Release|Any CPU
	EndGlobalSection
	GlobalSection(ProjectConfigurationPlatforms) = postSolution
		{F8569DC2-B63D-4F9A-A745-C9AEA07142BE}.Debug|Any CPU.ActiveCfg = Debug|Any CPU
		{F8569DC2-B63D-4F9A-A745-C9AEA07142BE}.Debug|Any CPU.Build.0 = Debug|Any CPU
		{F8569DC2-B63D-4F9A-A745-C9AEA07142BE}.Release|Any CPU.ActiveCfg = Release|Any CPU
		{F8569DC2-B63D-4F9A-A745-C9AEA07142BE}.Release|Any CPU.Build.0 = Release|Any CPU
	EndGlobalSection
	GlobalSection(SolutionProperties) = preSolution
		HideSolutionNode = FALSE
	EndGlobalSection
	GlobalSection(ExtensibilityGlobals) = postSolution
		SolutionGuid = {A025E448-499E-4564-9584-AB607F38D1D2}
	EndGlobalSection
EndGlobal
