
Microsoft Visual Studio Solution File, Format Version 12.00
# Visual Studio Version 17
VisualStudioVersion = 17.5.002.0
MinimumVisualStudioVersion = 10.0.40219.1
Project("{9A19103F-16F7-4668-BE54-9A1E7A4F7556}") = "EhtolauseHarjoitus08", "EhtolauseHarjoitus08.csproj", "{09DB2529-24A7-4C2F-9F5F-EE8ED1F85280}"
EndProject
Global
	GlobalSection(SolutionConfigurationPlatforms) = preSolution
		Debug|Any CPU = Debug|Any CPU
		Release|Any CPU = Release|Any CPU
	EndGlobalSection
	GlobalSection(ProjectConfigurationPlatforms) = postSolution
		{09DB2529-24A7-4C2F-9F5F-EE8ED1F85280}.Debug|Any CPU.ActiveCfg = Debug|Any CPU
		{09DB2529-24A7-4C2F-9F5F-EE8ED1F85280}.Debug|Any CPU.Build.0 = Debug|Any CPU
		{09DB2529-24A7-4C2F-9F5F-EE8ED1F85280}.Release|Any CPU.ActiveCfg = Release|Any CPU
		{09DB2529-24A7-4C2F-9F5F-EE8ED1F85280}.Release|Any CPU.Build.0 = Release|Any CPU
	EndGlobalSection
	GlobalSection(SolutionProperties) = preSolution
		HideSolutionNode = FALSE
	EndGlobalSection
	GlobalSection(ExtensibilityGlobals) = postSolution
		SolutionGuid = {BB42A4B6-BE41-48E6-B699-EA57199CA947}
	EndGlobalSection
EndGlobal
