
Microsoft Visual Studio Solution File, Format Version 12.00
# Visual Studio Version 17
VisualStudioVersion = 17.5.002.0
MinimumVisualStudioVersion = 10.0.40219.1
Project("{9A19103F-16F7-4668-BE54-9A1E7A4F7556}") = "Valiharkka01_filter", "Valiharkka01_filter.csproj", "{75D1211B-C653-4BDF-B6B0-726B67A61CB6}"
EndProject
Global
	GlobalSection(SolutionConfigurationPlatforms) = preSolution
		Debug|Any CPU = Debug|Any CPU
		Release|Any CPU = Release|Any CPU
	EndGlobalSection
	GlobalSection(ProjectConfigurationPlatforms) = postSolution
		{75D1211B-C653-4BDF-B6B0-726B67A61CB6}.Debug|Any CPU.ActiveCfg = Debug|Any CPU
		{75D1211B-C653-4BDF-B6B0-726B67A61CB6}.Debug|Any CPU.Build.0 = Debug|Any CPU
		{75D1211B-C653-4BDF-B6B0-726B67A61CB6}.Release|Any CPU.ActiveCfg = Release|Any CPU
		{75D1211B-C653-4BDF-B6B0-726B67A61CB6}.Release|Any CPU.Build.0 = Release|Any CPU
	EndGlobalSection
	GlobalSection(SolutionProperties) = preSolution
		HideSolutionNode = FALSE
	EndGlobalSection
	GlobalSection(ExtensibilityGlobals) = postSolution
		SolutionGuid = {AEE9E244-E5A3-4BEB-B387-A13BFB28D499}
	EndGlobalSection
EndGlobal
